
Microsoft Visual Studio Solution File, Format Version 12.00
# Visual Studio Version 17
VisualStudioVersion = 17.14.36109.1 d17.14
MinimumVisualStudioVersion = 10.0.40219.1
Project("{FAE04EC0-301F-11D3-BF4B-00C04F79EFBC}") = "ToyCabin.API", "ToyCabin.API\ToyCabin.API.csproj", "{D5C0F0AB-BAD3-4063-B4A4-94CE1FCBB851}"
EndProject
Project("{FAE04EC0-301F-11D3-BF4B-00C04F79EFBC}") = "ToyCabin.Infrastructure", "ToyCabin.Infrastructure\ToyCabin.Infrastructure.csproj", "{86DDD689-18FE-4A98-B194-2F90C8ED05ED}"
EndProject
Project("{FAE04EC0-301F-11D3-BF4B-00C04F79EFBC}") = "ToyCabin.Domain", "ToyCabin.Domain\ToyCabin.Domain.csproj", "{2168E08C-9D80-4C07-9C5F-A4C884DEE33A}"
EndProject
Project("{FAE04EC0-301F-11D3-BF4B-00C04F79EFBC}") = "ToyCabin.Application", "ToyCabin.Application\ToyCabin.Application.csproj", "{65891C51-3EE3-41E1-BDC9-EB01D7176C0E}"
EndProject
Global
	GlobalSection(SolutionConfigurationPlatforms) = preSolution
		Debug|Any CPU = Debug|Any CPU
		Release|Any CPU = Release|Any CPU
	EndGlobalSection
	GlobalSection(ProjectConfigurationPlatforms) = postSolution
		{D5C0F0AB-BAD3-4063-B4A4-94CE1FCBB851}.Debug|Any CPU.ActiveCfg = Debug|Any CPU
		{D5C0F0AB-BAD3-4063-B4A4-94CE1FCBB851}.Debug|Any CPU.Build.0 = Debug|Any CPU
		{D5C0F0AB-BAD3-4063-B4A4-94CE1FCBB851}.Release|Any CPU.ActiveCfg = Release|Any CPU
		{D5C0F0AB-BAD3-4063-B4A4-94CE1FCBB851}.Release|Any CPU.Build.0 = Release|Any CPU
		{86DDD689-18FE-4A98-B194-2F90C8ED05ED}.Debug|Any CPU.ActiveCfg = Debug|Any CPU
		{86DDD689-18FE-4A98-B194-2F90C8ED05ED}.Debug|Any CPU.Build.0 = Debug|Any CPU
		{86DDD689-18FE-4A98-B194-2F90C8ED05ED}.Release|Any CPU.ActiveCfg = Release|Any CPU
		{86DDD689-18FE-4A98-B194-2F90C8ED05ED}.Release|Any CPU.Build.0 = Release|Any CPU
		{2168E08C-9D80-4C07-9C5F-A4C884DEE33A}.Debug|Any CPU.ActiveCfg = Debug|Any CPU
		{2168E08C-9D80-4C07-9C5F-A4C884DEE33A}.Debug|Any CPU.Build.0 = Debug|Any CPU
		{2168E08C-9D80-4C07-9C5F-A4C884DEE33A}.Release|Any CPU.ActiveCfg = Release|Any CPU
		{2168E08C-9D80-4C07-9C5F-A4C884DEE33A}.Release|Any CPU.Build.0 = Release|Any CPU
		{65891C51-3EE3-41E1-BDC9-EB01D7176C0E}.Debug|Any CPU.ActiveCfg = Debug|Any CPU
		{65891C51-3EE3-41E1-BDC9-EB01D7176C0E}.Debug|Any CPU.Build.0 = Debug|Any CPU
		{65891C51-3EE3-41E1-BDC9-EB01D7176C0E}.Release|Any CPU.ActiveCfg = Release|Any CPU
		{65891C51-3EE3-41E1-BDC9-EB01D7176C0E}.Release|Any CPU.Build.0 = Release|Any CPU
	EndGlobalSection
	GlobalSection(SolutionProperties) = preSolution
		HideSolutionNode = FALSE
	EndGlobalSection
	GlobalSection(ExtensibilityGlobals) = postSolution
		SolutionGuid = {C030D969-2736-4906-92BB-F39FAB718B85}
	EndGlobalSection
EndGlobal
